// !$*UTF8*$!
{
	archiveVersion = 1;
	classes = {
	};
	objectVersion = 52;
	objects = {

/* Begin PBXBuildFile section */
		A97646CE26B0BEC600FA676E /* SDWebImage in Frameworks */ = {isa = PBXBuildFile; productRef = A97646CD26B0BEC600FA676E /* SDWebImage */; };
		A97646D226B0C80C00FA676E /* Kingfisher in Frameworks */ = {isa = PBXBuildFile; productRef = A97646D126B0C80C00FA676E /* Kingfisher */; };
		A9CBECC126B047C200C4944D /* AppDelegate.swift in Sources */ = {isa = PBXBuildFile; fileRef = A9CBECC026B047C200C4944D /* AppDelegate.swift */; };
		A9CBECC326B047C200C4944D /* SceneDelegate.swift in Sources */ = {isa = PBXBuildFile; fileRef = A9CBECC226B047C200C4944D /* SceneDelegate.swift */; };
		A9CBECC826B047C200C4944D /* Main.storyboard in Resources */ = {isa = PBXBuildFile; fileRef = A9CBECC626B047C200C4944D /* Main.storyboard */; };
		A9CBECCA26B047C400C4944D /* Assets.xcassets in Resources */ = {isa = PBXBuildFile; fileRef = A9CBECC926B047C400C4944D /* Assets.xcassets */; };
		A9CBECCD26B047C400C4944D /* LaunchScreen.storyboard in Resources */ = {isa = PBXBuildFile; fileRef = A9CBECCB26B047C400C4944D /* LaunchScreen.storyboard */; };
		A9CBECD626B04AC100C4944D /* Model.swift in Sources */ = {isa = PBXBuildFile; fileRef = A9CBECD526B04AC100C4944D /* Model.swift */; };
		A9CBECDF26B05CE500C4944D /* apiService.swift in Sources */ = {isa = PBXBuildFile; fileRef = A9CBECDE26B05CE500C4944D /* apiService.swift */; };
		A9CBECE426B05DBB00C4944D /* Alamofire in Frameworks */ = {isa = PBXBuildFile; productRef = A9CBECE326B05DBB00C4944D /* Alamofire */; };
		A9CBECE726B0630400C4944D /* RoversViewModel.swift in Sources */ = {isa = PBXBuildFile; fileRef = A9CBECE626B0630400C4944D /* RoversViewModel.swift */; };
		A9CBECEA26B0815F00C4944D /* CuriosityVC.swift in Sources */ = {isa = PBXBuildFile; fileRef = A9CBECE926B0815F00C4944D /* CuriosityVC.swift */; };
		A9CBECED26B0823600C4944D /* OpportunityVC.swift in Sources */ = {isa = PBXBuildFile; fileRef = A9CBECEC26B0823600C4944D /* OpportunityVC.swift */; };
		A9CBECF026B0824800C4944D /* SpiritVC.swift in Sources */ = {isa = PBXBuildFile; fileRef = A9CBECEF26B0824800C4944D /* SpiritVC.swift */; };
		A9CBECF426B083DD00C4944D /* RoverCell.swift in Sources */ = {isa = PBXBuildFile; fileRef = A9CBECF326B083DD00C4944D /* RoverCell.swift */; };
/* End PBXBuildFile section */

/* Begin PBXFileReference section */
		A9CBECBD26B047C200C4944D /* NasaRovers.app */ = {isa = PBXFileReference; explicitFileType = wrapper.application; includeInIndex = 0; path = NasaRovers.app; sourceTree = BUILT_PRODUCTS_DIR; };
		A9CBECC026B047C200C4944D /* AppDelegate.swift */ = {isa = PBXFileReference; lastKnownFileType = sourcecode.swift; path = AppDelegate.swift; sourceTree = "<group>"; };
		A9CBECC226B047C200C4944D /* SceneDelegate.swift */ = {isa = PBXFileReference; lastKnownFileType = sourcecode.swift; path = SceneDelegate.swift; sourceTree = "<group>"; };
		A9CBECC726B047C200C4944D /* Base */ = {isa = PBXFileReference; lastKnownFileType = file.storyboard; name = Base; path = Base.lproj/Main.storyboard; sourceTree = "<group>"; };
		A9CBECC926B047C400C4944D /* Assets.xcassets */ = {isa = PBXFileReference; lastKnownFileType = folder.assetcatalog; path = Assets.xcassets; sourceTree = "<group>"; };
		A9CBECCC26B047C400C4944D /* Base */ = {isa = PBXFileReference; lastKnownFileType = file.storyboard; name = Base; path = Base.lproj/LaunchScreen.storyboard; sourceTree = "<group>"; };
		A9CBECCE26B047C400C4944D /* Info.plist */ = {isa = PBXFileReference; lastKnownFileType = text.plist.xml; path = Info.plist; sourceTree = "<group>"; };
		A9CBECD526B04AC100C4944D /* Model.swift */ = {isa = PBXFileReference; lastKnownFileType = sourcecode.swift; path = Model.swift; sourceTree = "<group>"; };
		A9CBECDE26B05CE500C4944D /* apiService.swift */ = {isa = PBXFileReference; lastKnownFileType = sourcecode.swift; path = apiService.swift; sourceTree = "<group>"; };
		A9CBECE626B0630400C4944D /* RoversViewModel.swift */ = {isa = PBXFileReference; lastKnownFileType = sourcecode.swift; path = RoversViewModel.swift; sourceTree = "<group>"; };
		A9CBECE926B0815F00C4944D /* CuriosityVC.swift */ = {isa = PBXFileReference; lastKnownFileType = sourcecode.swift; path = CuriosityVC.swift; sourceTree = "<group>"; };
		A9CBECEC26B0823600C4944D /* OpportunityVC.swift */ = {isa = PBXFileReference; lastKnownFileType = sourcecode.swift; path = OpportunityVC.swift; sourceTree = "<group>"; };
		A9CBECEF26B0824800C4944D /* SpiritVC.swift */ = {isa = PBXFileReference; lastKnownFileType = sourcecode.swift; path = SpiritVC.swift; sourceTree = "<group>"; };
		A9CBECF326B083DD00C4944D /* RoverCell.swift */ = {isa = PBXFileReference; lastKnownFileType = sourcecode.swift; path = RoverCell.swift; sourceTree = "<group>"; };
/* End PBXFileReference section */

/* Begin PBXFrameworksBuildPhase section */
		A9CBECBA26B047C200C4944D /* Frameworks */ = {
			isa = PBXFrameworksBuildPhase;
			buildActionMask = 2147483647;
			files = (
				A97646D226B0C80C00FA676E /* Kingfisher in Frameworks */,
				A97646CE26B0BEC600FA676E /* SDWebImage in Frameworks */,
				A9CBECE426B05DBB00C4944D /* Alamofire in Frameworks */,
			);
			runOnlyForDeploymentPostprocessing = 0;
		};
/* End PBXFrameworksBuildPhase section */

/* Begin PBXGroup section */
		A9CBECB426B047C200C4944D = {
			isa = PBXGroup;
			children = (
				A9CBECBF26B047C200C4944D /* NasaRovers */,
				A9CBECBE26B047C200C4944D /* Products */,
			);
			sourceTree = "<group>";
		};
		A9CBECBE26B047C200C4944D /* Products */ = {
			isa = PBXGroup;
			children = (
				A9CBECBD26B047C200C4944D /* NasaRovers.app */,
			);
			name = Products;
			sourceTree = "<group>";
		};
		A9CBECBF26B047C200C4944D /* NasaRovers */ = {
			isa = PBXGroup;
			children = (
				A9CBECDD26B05CD900C4944D /* Service */,
				A9CBECDC26B05CD200C4944D /* ViewModel */,
				A9CBECDB26B05CC100C4944D /* View */,
				A9CBECDA26B05CB800C4944D /* Model */,
				A9CBECC026B047C200C4944D /* AppDelegate.swift */,
				A9CBECC226B047C200C4944D /* SceneDelegate.swift */,
				A9CBECC626B047C200C4944D /* Main.storyboard */,
				A9CBECC926B047C400C4944D /* Assets.xcassets */,
				A9CBECCB26B047C400C4944D /* LaunchScreen.storyboard */,
				A9CBECCE26B047C400C4944D /* Info.plist */,
			);
			path = NasaRovers;
			sourceTree = "<group>";
		};
		A9CBECDA26B05CB800C4944D /* Model */ = {
			isa = PBXGroup;
			children = (
				A9CBECD526B04AC100C4944D /* Model.swift */,
			);
			path = Model;
			sourceTree = "<group>";
		};
		A9CBECDB26B05CC100C4944D /* View */ = {
			isa = PBXGroup;
			children = (
				A9CBECF726B095AA00C4944D /* View */,
				A9CBECF626B0959D00C4944D /* Controller */,
			);
			path = View;
			sourceTree = "<group>";
		};
		A9CBECDC26B05CD200C4944D /* ViewModel */ = {
			isa = PBXGroup;
			children = (
				A9CBECE626B0630400C4944D /* RoversViewModel.swift */,
			);
			path = ViewModel;
			sourceTree = "<group>";
		};
		A9CBECDD26B05CD900C4944D /* Service */ = {
			isa = PBXGroup;
			children = (
				A9CBECDE26B05CE500C4944D /* apiService.swift */,
			);
			path = Service;
			sourceTree = "<group>";
		};
		A9CBECF626B0959D00C4944D /* Controller */ = {
			isa = PBXGroup;
			children = (
				A9CBECEF26B0824800C4944D /* SpiritVC.swift */,
				A9CBECEC26B0823600C4944D /* OpportunityVC.swift */,
				A9CBECE926B0815F00C4944D /* CuriosityVC.swift */,
			);
			path = Controller;
			sourceTree = "<group>";
		};
		A9CBECF726B095AA00C4944D /* View */ = {
			isa = PBXGroup;
			children = (
				A9CBECF326B083DD00C4944D /* RoverCell.swift */,
			);
			path = View;
			sourceTree = "<group>";
		};
/* End PBXGroup section */

/* Begin PBXNativeTarget section */
		A9CBECBC26B047C200C4944D /* NasaRovers */ = {
			isa = PBXNativeTarget;
			buildConfigurationList = A9CBECD126B047C400C4944D /* Build configuration list for PBXNativeTarget "NasaRovers" */;
			buildPhases = (
				A9CBECB926B047C200C4944D /* Sources */,
				A9CBECBA26B047C200C4944D /* Frameworks */,
				A9CBECBB26B047C200C4944D /* Resources */,
			);
			buildRules = (
			);
			dependencies = (
			);
			name = NasaRovers;
			packageProductDependencies = (
				A9CBECE326B05DBB00C4944D /* Alamofire */,
				A97646CD26B0BEC600FA676E /* SDWebImage */,
				A97646D126B0C80C00FA676E /* Kingfisher */,
			);
			productName = NasaRovers;
			productReference = A9CBECBD26B047C200C4944D /* NasaRovers.app */;
			productType = "com.apple.product-type.application";
		};
/* End PBXNativeTarget section */

/* Begin PBXProject section */
		A9CBECB526B047C200C4944D /* Project object */ = {
			isa = PBXProject;
			attributes = {
				LastSwiftUpdateCheck = 1240;
				LastUpgradeCheck = 1240;
				TargetAttributes = {
					A9CBECBC26B047C200C4944D = {
						CreatedOnToolsVersion = 12.4;
					};
				};
			};
			buildConfigurationList = A9CBECB826B047C200C4944D /* Build configuration list for PBXProject "NasaRovers" */;
			compatibilityVersion = "Xcode 9.3";
			developmentRegion = en;
			hasScannedForEncodings = 0;
			knownRegions = (
				en,
				Base,
			);
			mainGroup = A9CBECB426B047C200C4944D;
			packageReferences = (
				A9CBECE226B05DBB00C4944D /* XCRemoteSwiftPackageReference "Alamofire" */,
				A97646CC26B0BEC600FA676E /* XCRemoteSwiftPackageReference "SDWebImage" */,
				A97646D026B0C80C00FA676E /* XCRemoteSwiftPackageReference "Kingfisher" */,
			);
			productRefGroup = A9CBECBE26B047C200C4944D /* Products */;
			projectDirPath = "";
			projectRoot = "";
			targets = (
				A9CBECBC26B047C200C4944D /* NasaRovers */,
			);
		};
/* End PBXProject section */

/* Begin PBXResourcesBuildPhase section */
		A9CBECBB26B047C200C4944D /* Resources */ = {
			isa = PBXResourcesBuildPhase;
			buildActionMask = 2147483647;
			files = (
				A9CBECCD26B047C400C4944D /* LaunchScreen.storyboard in Resources */,
				A9CBECCA26B047C400C4944D /* Assets.xcassets in Resources */,
				A9CBECC826B047C200C4944D /* Main.storyboard in Resources */,
			);
			runOnlyForDeploymentPostprocessing = 0;
		};
/* End PBXResourcesBuildPhase section */

/* Begin PBXSourcesBuildPhase section */
		A9CBECB926B047C200C4944D /* Sources */ = {
			isa = PBXSourcesBuildPhase;
			buildActionMask = 2147483647;
			files = (
				A9CBECDF26B05CE500C4944D /* apiService.swift in Sources */,
				A9CBECC126B047C200C4944D /* AppDelegate.swift in Sources */,
				A9CBECC326B047C200C4944D /* SceneDelegate.swift in Sources */,
				A9CBECED26B0823600C4944D /* OpportunityVC.swift in Sources */,
				A9CBECD626B04AC100C4944D /* Model.swift in Sources */,
				A9CBECF426B083DD00C4944D /* RoverCell.swift in Sources */,
				A9CBECF026B0824800C4944D /* SpiritVC.swift in Sources */,
				A9CBECEA26B0815F00C4944D /* CuriosityVC.swift in Sources */,
				A9CBECE726B0630400C4944D /* RoversViewModel.swift in Sources */,
			);
			runOnlyForDeploymentPostprocessing = 0;
		};
/* End PBXSourcesBuildPhase section */

/* Begin PBXVariantGroup section */
		A9CBECC626B047C200C4944D /* Main.storyboard */ = {
			isa = PBXVariantGroup;
			children = (
				A9CBECC726B047C200C4944D /* Base */,
			);
			name = Main.storyboard;
			sourceTree = "<group>";
		};
		A9CBECCB26B047C400C4944D /* LaunchScreen.storyboard */ = {
			isa = PBXVariantGroup;
			children = (
				A9CBECCC26B047C400C4944D /* Base */,
			);
			name = LaunchScreen.storyboard;
			sourceTree = "<group>";
		};
/* End PBXVariantGroup section */

/* Begin XCBuildConfiguration section */
		A9CBECCF26B047C400C4944D /* Debug */ = {
			isa = XCBuildConfiguration;
			buildSettings = {
				ALWAYS_SEARCH_USER_PATHS = NO;
				CLANG_ANALYZER_NONNULL = YES;
				CLANG_ANALYZER_NUMBER_OBJECT_CONVERSION = YES_AGGRESSIVE;
				CLANG_CXX_LANGUAGE_STANDARD = "gnu++14";
				CLANG_CXX_LIBRARY = "libc++";
				CLANG_ENABLE_MODULES = YES;
				CLANG_ENABLE_OBJC_ARC = YES;
				CLANG_ENABLE_OBJC_WEAK = YES;
				CLANG_WARN_BLOCK_CAPTURE_AUTORELEASING = YES;
				CLANG_WARN_BOOL_CONVERSION = YES;
				CLANG_WARN_COMMA = YES;
				CLANG_WARN_CONSTANT_CONVERSION = YES;
				CLANG_WARN_DEPRECATED_OBJC_IMPLEMENTATIONS = YES;
				CLANG_WARN_DIRECT_OBJC_ISA_USAGE = YES_ERROR;
				CLANG_WARN_DOCUMENTATION_COMMENTS = YES;
				CLANG_WARN_EMPTY_BODY = YES;
				CLANG_WARN_ENUM_CONVERSION = YES;
				CLANG_WARN_INFINITE_RECURSION = YES;
				CLANG_WARN_INT_CONVERSION = YES;
				CLANG_WARN_NON_LITERAL_NULL_CONVERSION = YES;
				CLANG_WARN_OBJC_IMPLICIT_RETAIN_SELF = YES;
				CLANG_WARN_OBJC_LITERAL_CONVERSION = YES;
				CLANG_WARN_OBJC_ROOT_CLASS = YES_ERROR;
				CLANG_WARN_QUOTED_INCLUDE_IN_FRAMEWORK_HEADER = YES;
				CLANG_WARN_RANGE_LOOP_ANALYSIS = YES;
				CLANG_WARN_STRICT_PROTOTYPES = YES;
				CLANG_WARN_SUSPICIOUS_MOVE = YES;
				CLANG_WARN_UNGUARDED_AVAILABILITY = YES_AGGRESSIVE;
				CLANG_WARN_UNREACHABLE_CODE = YES;
				CLANG_WARN__DUPLICATE_METHOD_MATCH = YES;
				COPY_PHASE_STRIP = NO;
				DEBUG_INFORMATION_FORMAT = dwarf;
				ENABLE_STRICT_OBJC_MSGSEND = YES;
				ENABLE_TESTABILITY = YES;
				GCC_C_LANGUAGE_STANDARD = gnu11;
				GCC_DYNAMIC_NO_PIC = NO;
				GCC_NO_COMMON_BLOCKS = YES;
				GCC_OPTIMIZATION_LEVEL = 0;
				GCC_PREPROCESSOR_DEFINITIONS = (
					"DEBUG=1",
					"$(inherited)",
				);
				GCC_WARN_64_TO_32_BIT_CONVERSION = YES;
				GCC_WARN_ABOUT_RETURN_TYPE = YES_ERROR;
				GCC_WARN_UNDECLARED_SELECTOR = YES;
				GCC_WARN_UNINITIALIZED_AUTOS = YES_AGGRESSIVE;
				GCC_WARN_UNUSED_FUNCTION = YES;
				GCC_WARN_UNUSED_VARIABLE = YES;
				IPHONEOS_DEPLOYMENT_TARGET = 14.4;
				MTL_ENABLE_DEBUG_INFO = INCLUDE_SOURCE;
				MTL_FAST_MATH = YES;
				ONLY_ACTIVE_ARCH = YES;
				SDKROOT = iphoneos;
				SWIFT_ACTIVE_COMPILATION_CONDITIONS = DEBUG;
				SWIFT_OPTIMIZATION_LEVEL = "-Onone";
			};
			name = Debug;
		};
		A9CBECD026B047C400C4944D /* Release */ = {
			isa = XCBuildConfiguration;
			buildSettings = {
				ALWAYS_SEARCH_USER_PATHS = NO;
				CLANG_ANALYZER_NONNULL = YES;
				CLANG_ANALYZER_NUMBER_OBJECT_CONVERSION = YES_AGGRESSIVE;
				CLANG_CXX_LANGUAGE_STANDARD = "gnu++14";
				CLANG_CXX_LIBRARY = "libc++";
				CLANG_ENABLE_MODULES = YES;
				CLANG_ENABLE_OBJC_ARC = YES;
				CLANG_ENABLE_OBJC_WEAK = YES;
				CLANG_WARN_BLOCK_CAPTURE_AUTORELEASING = YES;
				CLANG_WARN_BOOL_CONVERSION = YES;
				CLANG_WARN_COMMA = YES;
				CLANG_WARN_CONSTANT_CONVERSION = YES;
				CLANG_WARN_DEPRECATED_OBJC_IMPLEMENTATIONS = YES;
				CLANG_WARN_DIRECT_OBJC_ISA_USAGE = YES_ERROR;
				CLANG_WARN_DOCUMENTATION_COMMENTS = YES;
				CLANG_WARN_EMPTY_BODY = YES;
				CLANG_WARN_ENUM_CONVERSION = YES;
				CLANG_WARN_INFINITE_RECURSION = YES;
				CLANG_WARN_INT_CONVERSION = YES;
				CLANG_WARN_NON_LITERAL_NULL_CONVERSION = YES;
				CLANG_WARN_OBJC_IMPLICIT_RETAIN_SELF = YES;
				CLANG_WARN_OBJC_LITERAL_CONVERSION = YES;
				CLANG_WARN_OBJC_ROOT_CLASS = YES_ERROR;
				CLANG_WARN_QUOTED_INCLUDE_IN_FRAMEWORK_HEADER = YES;
				CLANG_WARN_RANGE_LOOP_ANALYSIS = YES;
				CLANG_WARN_STRICT_PROTOTYPES = YES;
				CLANG_WARN_SUSPICIOUS_MOVE = YES;
				CLANG_WARN_UNGUARDED_AVAILABILITY = YES_AGGRESSIVE;
				CLANG_WARN_UNREACHABLE_CODE = YES;
				CLANG_WARN__DUPLICATE_METHOD_MATCH = YES;
				COPY_PHASE_STRIP = NO;
				DEBUG_INFORMATION_FORMAT = "dwarf-with-dsym";
				ENABLE_NS_ASSERTIONS = NO;
				ENABLE_STRICT_OBJC_MSGSEND = YES;
				GCC_C_LANGUAGE_STANDARD = gnu11;
				GCC_NO_COMMON_BLOCKS = YES;
				GCC_WARN_64_TO_32_BIT_CONVERSION = YES;
				GCC_WARN_ABOUT_RETURN_TYPE = YES_ERROR;
				GCC_WARN_UNDECLARED_SELECTOR = YES;
				GCC_WARN_UNINITIALIZED_AUTOS = YES_AGGRESSIVE;
				GCC_WARN_UNUSED_FUNCTION = YES;
				GCC_WARN_UNUSED_VARIABLE = YES;
				IPHONEOS_DEPLOYMENT_TARGET = 14.4;
				MTL_ENABLE_DEBUG_INFO = NO;
				MTL_FAST_MATH = YES;
				SDKROOT = iphoneos;
				SWIFT_COMPILATION_MODE = wholemodule;
				SWIFT_OPTIMIZATION_LEVEL = "-O";
				VALIDATE_PRODUCT = YES;
			};
			name = Release;
		};
		A9CBECD226B047C400C4944D /* Debug */ = {
			isa = XCBuildConfiguration;
			buildSettings = {
				ASSETCATALOG_COMPILER_APPICON_NAME = AppIcon;
				ASSETCATALOG_COMPILER_GLOBAL_ACCENT_COLOR_NAME = AccentColor;
				CODE_SIGN_STYLE = Automatic;
				DEVELOPMENT_TEAM = 2F5H7LLA5P;
				INFOPLIST_FILE = NasaRovers/Info.plist;
				LD_RUNPATH_SEARCH_PATHS = (
					"$(inherited)",
					"@executable_path/Frameworks",
				);
				PRODUCT_BUNDLE_IDENTIFIER = HasanDag.NasaRovers;
				PRODUCT_NAME = "$(TARGET_NAME)";
				SWIFT_VERSION = 5.0;
				TARGETED_DEVICE_FAMILY = "1,2";
			};
			name = Debug;
		};
		A9CBECD326B047C400C4944D /* Release */ = {
			isa = XCBuildConfiguration;
			buildSettings = {
				ASSETCATALOG_COMPILER_APPICON_NAME = AppIcon;
				ASSETCATALOG_COMPILER_GLOBAL_ACCENT_COLOR_NAME = AccentColor;
				CODE_SIGN_STYLE = Automatic;
				DEVELOPMENT_TEAM = 2F5H7LLA5P;
				INFOPLIST_FILE = NasaRovers/Info.plist;
				LD_RUNPATH_SEARCH_PATHS = (
					"$(inherited)",
					"@executable_path/Frameworks",
				);
				PRODUCT_BUNDLE_IDENTIFIER = HasanDag.NasaRovers;
				PRODUCT_NAME = "$(TARGET_NAME)";
				SWIFT_VERSION = 5.0;
				TARGETED_DEVICE_FAMILY = "1,2";
			};
			name = Release;
		};
/* End XCBuildConfiguration section */

/* Begin XCConfigurationList section */
		A9CBECB826B047C200C4944D /* Build configuration list for PBXProject "NasaRovers" */ = {
			isa = XCConfigurationList;
			buildConfigurations = (
				A9CBECCF26B047C400C4944D /* Debug */,
				A9CBECD026B047C400C4944D /* Release */,
			);
			defaultConfigurationIsVisible = 0;
			defaultConfigurationName = Release;
		};
		A9CBECD126B047C400C4944D /* Build configuration list for PBXNativeTarget "NasaRovers" */ = {
			isa = XCConfigurationList;
			buildConfigurations = (
				A9CBECD226B047C400C4944D /* Debug */,
				A9CBECD326B047C400C4944D /* Release */,
			);
			defaultConfigurationIsVisible = 0;
			defaultConfigurationName = Release;
		};
/* End XCConfigurationList section */

/* Begin XCRemoteSwiftPackageReference section */
		A97646CC26B0BEC600FA676E /* XCRemoteSwiftPackageReference "SDWebImage" */ = {
			isa = XCRemoteSwiftPackageReference;
			repositoryURL = "https://github.com/SDWebImage/SDWebImage.git";
			requirement = {
				kind = upToNextMajorVersion;
				minimumVersion = 5.10.0;
			};
		};
		A97646D026B0C80C00FA676E /* XCRemoteSwiftPackageReference "Kingfisher" */ = {
			isa = XCRemoteSwiftPackageReference;
			repositoryURL = "https://github.com/onevcat/Kingfisher.git";
			requirement = {
				kind = upToNextMajorVersion;
				minimumVersion = 6.1.0;
			};
		};
		A9CBECE226B05DBB00C4944D /* XCRemoteSwiftPackageReference "Alamofire" */ = {
			isa = XCRemoteSwiftPackageReference;
			repositoryURL = "https://github.com/Alamofire/Alamofire.git";
			requirement = {
				kind = upToNextMajorVersion;
				minimumVersion = 5.4.3;
			};
		};
/* End XCRemoteSwiftPackageReference section */

/* Begin XCSwiftPackageProductDependency section */
		A97646CD26B0BEC600FA676E /* SDWebImage */ = {
			isa = XCSwiftPackageProductDependency;
			package = A97646CC26B0BEC600FA676E /* XCRemoteSwiftPackageReference "SDWebImage" */;
			productName = SDWebImage;
		};
		A97646D126B0C80C00FA676E /* Kingfisher */ = {
			isa = XCSwiftPackageProductDependency;
			package = A97646D026B0C80C00FA676E /* XCRemoteSwiftPackageReference "Kingfisher" */;
			productName = Kingfisher;
		};
		A9CBECE326B05DBB00C4944D /* Alamofire */ = {
			isa = XCSwiftPackageProductDependency;
			package = A9CBECE226B05DBB00C4944D /* XCRemoteSwiftPackageReference "Alamofire" */;
			productName = Alamofire;
		};
/* End XCSwiftPackageProductDependency section */
	};
	rootObject = A9CBECB526B047C200C4944D /* Project object */;
}
